
Microsoft Visual Studio Solution File, Format Version 12.00
# Visual Studio Version 17
VisualStudioVersion = 17.5.33516.290
MinimumVisualStudioVersion = 10.0.40219.1
Project("{9A19103F-16F7-4668-BE54-9A1E7A4F7556}") = "Cube.Utility", "Cube.Utility\Cube.Utility.csproj", "{51046886-BF2F-41E6-8954-9691D61A0A54}"
EndProject
Project("{FAE04EC0-301F-11D3-BF4B-00C04F79EFBC}") = "Cube.Socket.Server", "Cube.Socket.Server\Cube.Socket.Server.csproj", "{E824DC04-A61C-4EA4-B79A-F84A6C36A815}"
EndProject
Global
	GlobalSection(SolutionConfigurationPlatforms) = preSolution
		Debug|Any CPU = Debug|Any CPU
		Release|Any CPU = Release|Any CPU
	EndGlobalSection
	GlobalSection(ProjectConfigurationPlatforms) = postSolution
		{51046886-BF2F-41E6-8954-9691D61A0A54}.Debug|Any CPU.ActiveCfg = Debug|Any CPU
		{51046886-BF2F-41E6-8954-9691D61A0A54}.Debug|Any CPU.Build.0 = Debug|Any CPU
		{51046886-BF2F-41E6-8954-9691D61A0A54}.Release|Any CPU.ActiveCfg = Release|Any CPU
		{51046886-BF2F-41E6-8954-9691D61A0A54}.Release|Any CPU.Build.0 = Release|Any CPU
		{E824DC04-A61C-4EA4-B79A-F84A6C36A815}.Debug|Any CPU.ActiveCfg = Debug|Any CPU
		{E824DC04-A61C-4EA4-B79A-F84A6C36A815}.Debug|Any CPU.Build.0 = Debug|Any CPU
		{E824DC04-A61C-4EA4-B79A-F84A6C36A815}.Release|Any CPU.ActiveCfg = Release|Any CPU
		{E824DC04-A61C-4EA4-B79A-F84A6C36A815}.Release|Any CPU.Build.0 = Release|Any CPU
	EndGlobalSection
	GlobalSection(SolutionProperties) = preSolution
		HideSolutionNode = FALSE
	EndGlobalSection
	GlobalSection(ExtensibilityGlobals) = postSolution
		SolutionGuid = {45CEB4A0-6E52-4007-9637-E7974E68FF58}
	EndGlobalSection
EndGlobal
